
Microsoft Visual Studio Solution File, Format Version 12.00
# Visual Studio 14
VisualStudioVersion = 14.0.25420.1
MinimumVisualStudioVersion = 10.0.40219.1
Project("{FAE04EC0-301F-11D3-BF4B-00C04F79EFBC}") = "vko5Kerta1T1", "vko5Kerta1T1\vko5Kerta1T1.csproj", "{A32949C6-B50B-43FF-B5BF-EE27EE889D96}"
EndProject
Project("{FAE04EC0-301F-11D3-BF4B-00C04F79EFBC}") = "vko5Kerta1T2", "vko5Kerta1T2\vko5Kerta1T2.csproj", "{4221D44E-48EA-4047-ABAC-643B500C85EF}"
EndProject
Project("{FAE04EC0-301F-11D3-BF4B-00C04F79EFBC}") = "vko5kerta1T3", "vko5kerta1T3\vko5kerta1T3.csproj", "{E6451B04-9803-47C6-B7A7-A439378923ED}"
EndProject
Project("{FAE04EC0-301F-11D3-BF4B-00C04F79EFBC}") = "vko5Kerta1T4", "vko5Kerta1T4\vko5Kerta1T4.csproj", "{A44B832C-7829-42BE-87DF-2E2BA7887BC6}"
EndProject
Project("{FAE04EC0-301F-11D3-BF4B-00C04F79EFBC}") = "vko5Kerta2T1", "vko5Kerta2T1\vko5Kerta2T1.csproj", "{59015AE9-5C11-44C5-BFAE-99CB7F7F2674}"
EndProject
Project("{FAE04EC0-301F-11D3-BF4B-00C04F79EFBC}") = "vko5Kerta2esimerkit", "vko5Kerta2esimerkit\vko5Kerta2esimerkit.csproj", "{D8467813-6F0A-468A-B2DC-F4F2E8B3E00C}"
EndProject
Project("{FAE04EC0-301F-11D3-BF4B-00C04F79EFBC}") = "vko5Kerta2esimerkitTests", "vko5Kerta2esimerkitTests\vko5Kerta2esimerkitTests.csproj", "{1D6B0283-0CC9-4EBA-904F-BEB66E6B75AA}"
EndProject
Project("{FAE04EC0-301F-11D3-BF4B-00C04F79EFBC}") = "vko5Kerta2T2", "vko5Kerta2T2\vko5Kerta2T2.csproj", "{E58B13D9-5EE8-451B-B137-FA718CF15BCA}"
EndProject
Project("{FAE04EC0-301F-11D3-BF4B-00C04F79EFBC}") = "vko5Kerta2T3", "vko5Kerta2T3\vko5Kerta2T3.csproj", "{2050EB70-B922-45EB-A8CB-D30D8B9557F6}"
EndProject
Project("{FAE04EC0-301F-11D3-BF4B-00C04F79EFBC}") = "vko5Kerta2T4", "vko5Kerta2T4\vko5Kerta2T4.csproj", "{86A3D812-D3FD-4C43-8B3B-52C401F70600}"
EndProject
Project("{FAE04EC0-301F-11D3-BF4B-00C04F79EFBC}") = "vko5Kerta2T5", "vko5Kerta2T5\vko5Kerta2T5.csproj", "{1F0274A6-8463-462E-AB8D-BA40222D737E}"
EndProject
Project("{FAE04EC0-301F-11D3-BF4B-00C04F79EFBC}") = "vko5Kerta2T6", "vko5Kerta2T6\vko5Kerta2T6.csproj", "{99939A44-CA33-43A7-9D24-DB8CB8BD405F}"
EndProject
Project("{FAE04EC0-301F-11D3-BF4B-00C04F79EFBC}") = "vko5Kerta2T5Tests", "vko5Kerta2T5Tests\vko5Kerta2T5Tests.csproj", "{748A8041-119F-415E-9BFB-2130CBEFF572}"
EndProject
Global
	GlobalSection(SolutionConfigurationPlatforms) = preSolution
		Debug|Any CPU = Debug|Any CPU
		Release|Any CPU = Release|Any CPU
	EndGlobalSection
	GlobalSection(ProjectConfigurationPlatforms) = postSolution
		{A32949C6-B50B-43FF-B5BF-EE27EE889D96}.Debug|Any CPU.ActiveCfg = Debug|Any CPU
		{A32949C6-B50B-43FF-B5BF-EE27EE889D96}.Debug|Any CPU.Build.0 = Debug|Any CPU
		{A32949C6-B50B-43FF-B5BF-EE27EE889D96}.Release|Any CPU.ActiveCfg = Release|Any CPU
		{A32949C6-B50B-43FF-B5BF-EE27EE889D96}.Release|Any CPU.Build.0 = Release|Any CPU
		{4221D44E-48EA-4047-ABAC-643B500C85EF}.Debug|Any CPU.ActiveCfg = Debug|Any CPU
		{4221D44E-48EA-4047-ABAC-643B500C85EF}.Debug|Any CPU.Build.0 = Debug|Any CPU
		{4221D44E-48EA-4047-ABAC-643B500C85EF}.Release|Any CPU.ActiveCfg = Release|Any CPU
		{4221D44E-48EA-4047-ABAC-643B500C85EF}.Release|Any CPU.Build.0 = Release|Any CPU
		{E6451B04-9803-47C6-B7A7-A439378923ED}.Debug|Any CPU.ActiveCfg = Debug|Any CPU
		{E6451B04-9803-47C6-B7A7-A439378923ED}.Debug|Any CPU.Build.0 = Debug|Any CPU
		{E6451B04-9803-47C6-B7A7-A439378923ED}.Release|Any CPU.ActiveCfg = Release|Any CPU
		{E6451B04-9803-47C6-B7A7-A439378923ED}.Release|Any CPU.Build.0 = Release|Any CPU
		{A44B832C-7829-42BE-87DF-2E2BA7887BC6}.Debug|Any CPU.ActiveCfg = Debug|Any CPU
		{A44B832C-7829-42BE-87DF-2E2BA7887BC6}.Debug|Any CPU.Build.0 = Debug|Any CPU
		{A44B832C-7829-42BE-87DF-2E2BA7887BC6}.Release|Any CPU.ActiveCfg = Release|Any CPU
		{A44B832C-7829-42BE-87DF-2E2BA7887BC6}.Release|Any CPU.Build.0 = Release|Any CPU
		{59015AE9-5C11-44C5-BFAE-99CB7F7F2674}.Debug|Any CPU.ActiveCfg = Debug|Any CPU
		{59015AE9-5C11-44C5-BFAE-99CB7F7F2674}.Debug|Any CPU.Build.0 = Debug|Any CPU
		{59015AE9-5C11-44C5-BFAE-99CB7F7F2674}.Release|Any CPU.ActiveCfg = Release|Any CPU
		{59015AE9-5C11-44C5-BFAE-99CB7F7F2674}.Release|Any CPU.Build.0 = Release|Any CPU
		{D8467813-6F0A-468A-B2DC-F4F2E8B3E00C}.Debug|Any CPU.ActiveCfg = Debug|Any CPU
		{D8467813-6F0A-468A-B2DC-F4F2E8B3E00C}.Debug|Any CPU.Build.0 = Debug|Any CPU
		{D8467813-6F0A-468A-B2DC-F4F2E8B3E00C}.Release|Any CPU.ActiveCfg = Release|Any CPU
		{D8467813-6F0A-468A-B2DC-F4F2E8B3E00C}.Release|Any CPU.Build.0 = Release|Any CPU
		{1D6B0283-0CC9-4EBA-904F-BEB66E6B75AA}.Debug|Any CPU.ActiveCfg = Debug|Any CPU
		{1D6B0283-0CC9-4EBA-904F-BEB66E6B75AA}.Debug|Any CPU.Build.0 = Debug|Any CPU
		{1D6B0283-0CC9-4EBA-904F-BEB66E6B75AA}.Release|Any CPU.ActiveCfg = Release|Any CPU
		{1D6B0283-0CC9-4EBA-904F-BEB66E6B75AA}.Release|Any CPU.Build.0 = Release|Any CPU
		{E58B13D9-5EE8-451B-B137-FA718CF15BCA}.Debug|Any CPU.ActiveCfg = Debug|Any CPU
		{E58B13D9-5EE8-451B-B137-FA718CF15BCA}.Debug|Any CPU.Build.0 = Debug|Any CPU
		{E58B13D9-5EE8-451B-B137-FA718CF15BCA}.Release|Any CPU.ActiveCfg = Release|Any CPU
		{E58B13D9-5EE8-451B-B137-FA718CF15BCA}.Release|Any CPU.Build.0 = Release|Any CPU
		{2050EB70-B922-45EB-A8CB-D30D8B9557F6}.Debug|Any CPU.ActiveCfg = Debug|Any CPU
		{2050EB70-B922-45EB-A8CB-D30D8B9557F6}.Debug|Any CPU.Build.0 = Debug|Any CPU
		{2050EB70-B922-45EB-A8CB-D30D8B9557F6}.Release|Any CPU.ActiveCfg = Release|Any CPU
		{2050EB70-B922-45EB-A8CB-D30D8B9557F6}.Release|Any CPU.Build.0 = Release|Any CPU
		{86A3D812-D3FD-4C43-8B3B-52C401F70600}.Debug|Any CPU.ActiveCfg = Debug|Any CPU
		{86A3D812-D3FD-4C43-8B3B-52C401F70600}.Debug|Any CPU.Build.0 = Debug|Any CPU
		{86A3D812-D3FD-4C43-8B3B-52C401F70600}.Release|Any CPU.ActiveCfg = Release|Any CPU
		{86A3D812-D3FD-4C43-8B3B-52C401F70600}.Release|Any CPU.Build.0 = Release|Any CPU
		{1F0274A6-8463-462E-AB8D-BA40222D737E}.Debug|Any CPU.ActiveCfg = Debug|Any CPU
		{1F0274A6-8463-462E-AB8D-BA40222D737E}.Debug|Any CPU.Build.0 = Debug|Any CPU
		{1F0274A6-8463-462E-AB8D-BA40222D737E}.Release|Any CPU.ActiveCfg = Release|Any CPU
		{1F0274A6-8463-462E-AB8D-BA40222D737E}.Release|Any CPU.Build.0 = Release|Any CPU
		{99939A44-CA33-43A7-9D24-DB8CB8BD405F}.Debug|Any CPU.ActiveCfg = Debug|Any CPU
		{99939A44-CA33-43A7-9D24-DB8CB8BD405F}.Debug|Any CPU.Build.0 = Debug|Any CPU
		{99939A44-CA33-43A7-9D24-DB8CB8BD405F}.Release|Any CPU.ActiveCfg = Release|Any CPU
		{99939A44-CA33-43A7-9D24-DB8CB8BD405F}.Release|Any CPU.Build.0 = Release|Any CPU
		{748A8041-119F-415E-9BFB-2130CBEFF572}.Debug|Any CPU.ActiveCfg = Debug|Any CPU
		{748A8041-119F-415E-9BFB-2130CBEFF572}.Debug|Any CPU.Build.0 = Debug|Any CPU
		{748A8041-119F-415E-9BFB-2130CBEFF572}.Release|Any CPU.ActiveCfg = Release|Any CPU
		{748A8041-119F-415E-9BFB-2130CBEFF572}.Release|Any CPU.Build.0 = Release|Any CPU
	EndGlobalSection
	GlobalSection(SolutionProperties) = preSolution
		HideSolutionNode = FALSE
	EndGlobalSection
EndGlobal
