
Microsoft Visual Studio Solution File, Format Version 12.00
# Visual Studio 14
VisualStudioVersion = 14.0.25420.1
MinimumVisualStudioVersion = 10.0.40219.1
Project("{FAE04EC0-301F-11D3-BF4B-00C04F79EFBC}") = "vko5Kerta1T1", "vko5Kerta1T1\vko5Kerta1T1.csproj", "{A32949C6-B50B-43FF-B5BF-EE27EE889D96}"
EndProject
Project("{FAE04EC0-301F-11D3-BF4B-00C04F79EFBC}") = "vko5Kerta1T2", "vko5Kerta1T2\vko5Kerta1T2.csproj", "{4221D44E-48EA-4047-ABAC-643B500C85EF}"
EndProject
Project("{FAE04EC0-301F-11D3-BF4B-00C04F79EFBC}") = "vko5kerta1T3", "vko5kerta1T3\vko5kerta1T3.csproj", "{E6451B04-9803-47C6-B7A7-A439378923ED}"
EndProject
Project("{FAE04EC0-301F-11D3-BF4B-00C04F79EFBC}") = "vko5Kerta1T4", "vko5Kerta1T4\vko5Kerta1T4.csproj", "{A44B832C-7829-42BE-87DF-2E2BA7887BC6}"
EndProject
Global
	GlobalSection(SolutionConfigurationPlatforms) = preSolution
		Debug|Any CPU = Debug|Any CPU
		Release|Any CPU = Release|Any CPU
	EndGlobalSection
	GlobalSection(ProjectConfigurationPlatforms) = postSolution
		{A32949C6-B50B-43FF-B5BF-EE27EE889D96}.Debug|Any CPU.ActiveCfg = Debug|Any CPU
		{A32949C6-B50B-43FF-B5BF-EE27EE889D96}.Debug|Any CPU.Build.0 = Debug|Any CPU
		{A32949C6-B50B-43FF-B5BF-EE27EE889D96}.Release|Any CPU.ActiveCfg = Release|Any CPU
		{A32949C6-B50B-43FF-B5BF-EE27EE889D96}.Release|Any CPU.Build.0 = Release|Any CPU
		{4221D44E-48EA-4047-ABAC-643B500C85EF}.Debug|Any CPU.ActiveCfg = Debug|Any CPU
		{4221D44E-48EA-4047-ABAC-643B500C85EF}.Debug|Any CPU.Build.0 = Debug|Any CPU
		{4221D44E-48EA-4047-ABAC-643B500C85EF}.Release|Any CPU.ActiveCfg = Release|Any CPU
		{4221D44E-48EA-4047-ABAC-643B500C85EF}.Release|Any CPU.Build.0 = Release|Any CPU
		{E6451B04-9803-47C6-B7A7-A439378923ED}.Debug|Any CPU.ActiveCfg = Debug|Any CPU
		{E6451B04-9803-47C6-B7A7-A439378923ED}.Debug|Any CPU.Build.0 = Debug|Any CPU
		{E6451B04-9803-47C6-B7A7-A439378923ED}.Release|Any CPU.ActiveCfg = Release|Any CPU
		{E6451B04-9803-47C6-B7A7-A439378923ED}.Release|Any CPU.Build.0 = Release|Any CPU
		{A44B832C-7829-42BE-87DF-2E2BA7887BC6}.Debug|Any CPU.ActiveCfg = Debug|Any CPU
		{A44B832C-7829-42BE-87DF-2E2BA7887BC6}.Debug|Any CPU.Build.0 = Debug|Any CPU
		{A44B832C-7829-42BE-87DF-2E2BA7887BC6}.Release|Any CPU.ActiveCfg = Release|Any CPU
		{A44B832C-7829-42BE-87DF-2E2BA7887BC6}.Release|Any CPU.Build.0 = Release|Any CPU
	EndGlobalSection
	GlobalSection(SolutionProperties) = preSolution
		HideSolutionNode = FALSE
	EndGlobalSection
EndGlobal
