
Microsoft Visual Studio Solution File, Format Version 12.00
# Visual Studio 14
VisualStudioVersion = 14.0.25420.1
MinimumVisualStudioVersion = 10.0.40219.1
Project("{FAE04EC0-301F-11D3-BF4B-00C04F79EFBC}") = "vko4T1", "vko4T1\vko4T1.csproj", "{BC6C995A-0106-445B-B0C6-5B0B1047AA93}"
EndProject
Project("{FAE04EC0-301F-11D3-BF4B-00C04F79EFBC}") = "vkoT2", "vkoT2\vkoT2.csproj", "{6319565C-7F4B-4469-87A2-BB168A0C2811}"
EndProject
Project("{FAE04EC0-301F-11D3-BF4B-00C04F79EFBC}") = "vko4T3", "vko4T3\vko4T3.csproj", "{44F4918E-BB7A-4623-B712-F9DD5D9382FB}"
EndProject
Project("{FAE04EC0-301F-11D3-BF4B-00C04F79EFBC}") = "vko4T4", "vko4T4\vko4T4.csproj", "{6F4C6E3D-77A9-43CC-AE56-07236E9AC3E9}"
EndProject
Project("{FAE04EC0-301F-11D3-BF4B-00C04F79EFBC}") = "vko4kerta2T1", "vko4kerta2T1\vko4kerta2T1.csproj", "{55938E1D-733A-4514-A243-1AEB55692798}"
EndProject
Project("{FAE04EC0-301F-11D3-BF4B-00C04F79EFBC}") = "vko4kerta2T2", "vko4kerta2T2\vko4kerta2T2.csproj", "{93FDA108-2FDB-41B3-ABB9-78BA67F547F9}"
EndProject
Project("{FAE04EC0-301F-11D3-BF4B-00C04F79EFBC}") = "vko4kerta2T3", "vko4kerta2T3\vko4kerta2T3.csproj", "{D748EFE4-1831-4FE3-8A95-8275CE6002FE}"
EndProject
Project("{FAE04EC0-301F-11D3-BF4B-00C04F79EFBC}") = "vko4kerta2T4", "vko4kerta2T4\vko4kerta2T4.csproj", "{541788A2-3F6A-48DE-A96E-F2B814CCB394}"
EndProject
Global
	GlobalSection(SolutionConfigurationPlatforms) = preSolution
		Debug|Any CPU = Debug|Any CPU
		Release|Any CPU = Release|Any CPU
	EndGlobalSection
	GlobalSection(ProjectConfigurationPlatforms) = postSolution
		{BC6C995A-0106-445B-B0C6-5B0B1047AA93}.Debug|Any CPU.ActiveCfg = Debug|Any CPU
		{BC6C995A-0106-445B-B0C6-5B0B1047AA93}.Debug|Any CPU.Build.0 = Debug|Any CPU
		{BC6C995A-0106-445B-B0C6-5B0B1047AA93}.Release|Any CPU.ActiveCfg = Release|Any CPU
		{BC6C995A-0106-445B-B0C6-5B0B1047AA93}.Release|Any CPU.Build.0 = Release|Any CPU
		{6319565C-7F4B-4469-87A2-BB168A0C2811}.Debug|Any CPU.ActiveCfg = Debug|Any CPU
		{6319565C-7F4B-4469-87A2-BB168A0C2811}.Debug|Any CPU.Build.0 = Debug|Any CPU
		{6319565C-7F4B-4469-87A2-BB168A0C2811}.Release|Any CPU.ActiveCfg = Release|Any CPU
		{6319565C-7F4B-4469-87A2-BB168A0C2811}.Release|Any CPU.Build.0 = Release|Any CPU
		{44F4918E-BB7A-4623-B712-F9DD5D9382FB}.Debug|Any CPU.ActiveCfg = Debug|Any CPU
		{44F4918E-BB7A-4623-B712-F9DD5D9382FB}.Debug|Any CPU.Build.0 = Debug|Any CPU
		{44F4918E-BB7A-4623-B712-F9DD5D9382FB}.Release|Any CPU.ActiveCfg = Release|Any CPU
		{44F4918E-BB7A-4623-B712-F9DD5D9382FB}.Release|Any CPU.Build.0 = Release|Any CPU
		{6F4C6E3D-77A9-43CC-AE56-07236E9AC3E9}.Debug|Any CPU.ActiveCfg = Debug|Any CPU
		{6F4C6E3D-77A9-43CC-AE56-07236E9AC3E9}.Debug|Any CPU.Build.0 = Debug|Any CPU
		{6F4C6E3D-77A9-43CC-AE56-07236E9AC3E9}.Release|Any CPU.ActiveCfg = Release|Any CPU
		{6F4C6E3D-77A9-43CC-AE56-07236E9AC3E9}.Release|Any CPU.Build.0 = Release|Any CPU
		{55938E1D-733A-4514-A243-1AEB55692798}.Debug|Any CPU.ActiveCfg = Debug|Any CPU
		{55938E1D-733A-4514-A243-1AEB55692798}.Debug|Any CPU.Build.0 = Debug|Any CPU
		{55938E1D-733A-4514-A243-1AEB55692798}.Release|Any CPU.ActiveCfg = Release|Any CPU
		{55938E1D-733A-4514-A243-1AEB55692798}.Release|Any CPU.Build.0 = Release|Any CPU
		{93FDA108-2FDB-41B3-ABB9-78BA67F547F9}.Debug|Any CPU.ActiveCfg = Debug|Any CPU
		{93FDA108-2FDB-41B3-ABB9-78BA67F547F9}.Debug|Any CPU.Build.0 = Debug|Any CPU
		{93FDA108-2FDB-41B3-ABB9-78BA67F547F9}.Release|Any CPU.ActiveCfg = Release|Any CPU
		{93FDA108-2FDB-41B3-ABB9-78BA67F547F9}.Release|Any CPU.Build.0 = Release|Any CPU
		{D748EFE4-1831-4FE3-8A95-8275CE6002FE}.Debug|Any CPU.ActiveCfg = Debug|Any CPU
		{D748EFE4-1831-4FE3-8A95-8275CE6002FE}.Debug|Any CPU.Build.0 = Debug|Any CPU
		{D748EFE4-1831-4FE3-8A95-8275CE6002FE}.Release|Any CPU.ActiveCfg = Release|Any CPU
		{D748EFE4-1831-4FE3-8A95-8275CE6002FE}.Release|Any CPU.Build.0 = Release|Any CPU
		{541788A2-3F6A-48DE-A96E-F2B814CCB394}.Debug|Any CPU.ActiveCfg = Debug|Any CPU
		{541788A2-3F6A-48DE-A96E-F2B814CCB394}.Debug|Any CPU.Build.0 = Debug|Any CPU
		{541788A2-3F6A-48DE-A96E-F2B814CCB394}.Release|Any CPU.ActiveCfg = Release|Any CPU
		{541788A2-3F6A-48DE-A96E-F2B814CCB394}.Release|Any CPU.Build.0 = Release|Any CPU
	EndGlobalSection
	GlobalSection(SolutionProperties) = preSolution
		HideSolutionNode = FALSE
	EndGlobalSection
EndGlobal
